{
  "nodes": {
    "nixpkgs": {
      "locked": {
        "lastModified": 1748601998,
        "narHash": "sha256-XbIdzeWUL6Htz3/EbeyY71qMxYizMUWYltWYGg6qfcI=",
        "owner": "NixOS",
        "repo": "nixpkgs",
        "rev": "8ca7ec685bbee55d6dcb326abe23945c0806c39e",
        "type": "github"
      },
      "original": {
        "owner": "NixOS",
        "ref": "nixpkgs-unstable",
        "repo": "nixpkgs",
        "type": "github"
      }
    },
    "root": {
      "inputs": {
        "nixpkgs": "nixpkgs"
      }
    }
  },
  "root": "root",
  "version": 7
}
