{
  "nodes": {
    "nixpkgs": {
      "locked": {
        "lastModified": 1775373274,
        "narHash": "sha256-rL4F2+/ixLRzbgewGRpxTqfQNmaHi+VbLTkUcedyZRw=",
        "owner": "NixOS",
        "repo": "nixpkgs",
        "rev": "bd48fcede9287ff448ecc84c4e94a4fca4bd0d72",
        "type": "github"
      },
      "original": {
        "owner": "NixOS",
        "ref": "nixpkgs-unstable",
        "repo": "nixpkgs",
        "type": "github"
      }
    },
    "root": {
      "inputs": {
        "nixpkgs": "nixpkgs"
      }
    }
  },
  "root": "root",
  "version": 7
}
