{
  "nodes": {
    "nixpkgs": {
      "locked": {
        "lastModified": 1765803225,
        "narHash": "sha256-xwaZV/UgJ04+ixbZZfoDE8IsOWjtvQZICh9aamzPnrg=",
        "owner": "NixOS",
        "repo": "nixpkgs",
        "rev": "ac9a217389ee622d4e1e727c4efcc9c4bc9089ba",
        "type": "github"
      },
      "original": {
        "owner": "NixOS",
        "ref": "nixpkgs-unstable",
        "repo": "nixpkgs",
        "type": "github"
      }
    },
    "root": {
      "inputs": {
        "nixpkgs": "nixpkgs"
      }
    }
  },
  "root": "root",
  "version": 7
}
